Microsoft Visual Studio Solution File, Format Version 12.00
# Visual Studio Version 17
VisualStudioVersion = 17.5.2.0
MinimumVisualStudioVersion = 10.0.40219.1
Project("{FAE04EC0-301F-11D3-BF4B-00C04F79EFBC}") = "MyFirstApp1", "MyFirstApp1.csproj", "{9355D8EE-9977-30D2-9E84-73728F250066}"
EndProject
Global
	GlobalSection(SolutionConfigurationPlatforms) = preSolution
		Debug|Any CPU = Debug|Any CPU
		Release|Any CPU = Release|Any CPU
	EndGlobalSection
	GlobalSection(ProjectConfigurationPlatforms) = postSolution
		{9355D8EE-9977-30D2-9E84-73728F250066}.Debug|Any CPU.ActiveCfg = Debug|Any CPU
		{9355D8EE-9977-30D2-9E84-73728F250066}.Debug|Any CPU.Build.0 = Debug|Any CPU
		{9355D8EE-9977-30D2-9E84-73728F250066}.Release|Any CPU.ActiveCfg = Release|Any CPU
		{9355D8EE-9977-30D2-9E84-73728F250066}.Release|Any CPU.Build.0 = Release|Any CPU
	EndGlobalSection
	GlobalSection(SolutionProperties) = preSolution
		HideSolutionNode = FALSE
	EndGlobalSection
	GlobalSection(ExtensibilityGlobals) = postSolution
		SolutionGuid = {F9F0B07F-6CA3-4D79-902A-85B588C70519}
	EndGlobalSection
EndGlobal
